
Microsoft Visual Studio Solution File, Format Version 12.00
# Visual Studio Version 17
VisualStudioVersion = 17.14.36705.20
MinimumVisualStudioVersion = 10.0.40219.1
Project("{FAE04EC0-301F-11D3-BF4B-00C04F79EFBC}") = "BattleshipGame", "BattleshipGame\BattleshipGame.csproj", "{7E7F6882-1FD9-A776-6049-0D2A8B39580C}"
EndProject
Global
	GlobalSection(SolutionConfigurationPlatforms) = preSolution
		Debug|Any CPU = Debug|Any CPU
		Release|Any CPU = Release|Any CPU
	EndGlobalSection
	GlobalSection(ProjectConfigurationPlatforms) = postSolution
		{7E7F6882-1FD9-A776-6049-0D2A8B39580C}.Debug|Any CPU.ActiveCfg = Debug|Any CPU
		{7E7F6882-1FD9-A776-6049-0D2A8B39580C}.Debug|Any CPU.Build.0 = Debug|Any CPU
		{7E7F6882-1FD9-A776-6049-0D2A8B39580C}.Release|Any CPU.ActiveCfg = Release|Any CPU
		{7E7F6882-1FD9-A776-6049-0D2A8B39580C}.Release|Any CPU.Build.0 = Release|Any CPU
	EndGlobalSection
	GlobalSection(SolutionProperties) = preSolution
		HideSolutionNode = FALSE
	EndGlobalSection
	GlobalSection(ExtensibilityGlobals) = postSolution
		SolutionGuid = {E15CEA48-1E88-4964-86CD-D633B8605A12}
	EndGlobalSection
EndGlobal
